
Microsoft Visual Studio Solution File, Format Version 12.00
# Visual Studio 15
VisualStudioVersion = 15.0.26430.16
MinimumVisualStudioVersion = 10.0.40219.1
Project("{FAE04EC0-301F-11D3-BF4B-00C04F79EFBC}") = "Tehtävä1", "Tehtävä1\Tehtävä1.csproj", "{2ECDA390-2877-4B52-A2FE-8B72F1945D85}"
EndProject
Project("{FAE04EC0-301F-11D3-BF4B-00C04F79EFBC}") = "Tehtävä2", "Tehtävä2\Tehtävä2.csproj", "{61DD2A88-123F-4BD3-9458-7D0443EA0578}"
EndProject
Project("{FAE04EC0-301F-11D3-BF4B-00C04F79EFBC}") = "Tehtävä3", "Tehtävä3\Tehtävä3.csproj", "{D96BA212-41A0-4CC0-945F-297145A9980B}"
EndProject
Global
	GlobalSection(SolutionConfigurationPlatforms) = preSolution
		Debug|Any CPU = Debug|Any CPU
		Release|Any CPU = Release|Any CPU
	EndGlobalSection
	GlobalSection(ProjectConfigurationPlatforms) = postSolution
		{2ECDA390-2877-4B52-A2FE-8B72F1945D85}.Debug|Any CPU.ActiveCfg = Debug|Any CPU
		{2ECDA390-2877-4B52-A2FE-8B72F1945D85}.Debug|Any CPU.Build.0 = Debug|Any CPU
		{2ECDA390-2877-4B52-A2FE-8B72F1945D85}.Release|Any CPU.ActiveCfg = Release|Any CPU
		{2ECDA390-2877-4B52-A2FE-8B72F1945D85}.Release|Any CPU.Build.0 = Release|Any CPU
		{61DD2A88-123F-4BD3-9458-7D0443EA0578}.Debug|Any CPU.ActiveCfg = Debug|Any CPU
		{61DD2A88-123F-4BD3-9458-7D0443EA0578}.Debug|Any CPU.Build.0 = Debug|Any CPU
		{61DD2A88-123F-4BD3-9458-7D0443EA0578}.Release|Any CPU.ActiveCfg = Release|Any CPU
		{61DD2A88-123F-4BD3-9458-7D0443EA0578}.Release|Any CPU.Build.0 = Release|Any CPU
		{D96BA212-41A0-4CC0-945F-297145A9980B}.Debug|Any CPU.ActiveCfg = Debug|Any CPU
		{D96BA212-41A0-4CC0-945F-297145A9980B}.Debug|Any CPU.Build.0 = Debug|Any CPU
		{D96BA212-41A0-4CC0-945F-297145A9980B}.Release|Any CPU.ActiveCfg = Release|Any CPU
		{D96BA212-41A0-4CC0-945F-297145A9980B}.Release|Any CPU.Build.0 = Release|Any CPU
	EndGlobalSection
	GlobalSection(SolutionProperties) = preSolution
		HideSolutionNode = FALSE
	EndGlobalSection
EndGlobal
